
Microsoft Visual Studio Solution File, Format Version 12.00
# Visual Studio Version 16
VisualStudioVersion = 16.0.29503.13
MinimumVisualStudioVersion = 10.0.40219.1
Project("{FAE04EC0-301F-11D3-BF4B-00C04F79EFBC}") = "BlueDonut.Core", "BlueDonut.Core\BlueDonut.Core.csproj", "{A9BB15C6-2D0C-4E1C-9A81-1470B18BAB16}"
EndProject
Global
	GlobalSection(SolutionConfigurationPlatforms) = preSolution
		Debug|Any CPU = Debug|Any CPU
		Release|Any CPU = Release|Any CPU
	EndGlobalSection
	GlobalSection(ProjectConfigurationPlatforms) = postSolution
		{A9BB15C6-2D0C-4E1C-9A81-1470B18BAB16}.Debug|Any CPU.ActiveCfg = Debug|Any CPU
		{A9BB15C6-2D0C-4E1C-9A81-1470B18BAB16}.Debug|Any CPU.Build.0 = Debug|Any CPU
		{A9BB15C6-2D0C-4E1C-9A81-1470B18BAB16}.Release|Any CPU.ActiveCfg = Release|Any CPU
		{A9BB15C6-2D0C-4E1C-9A81-1470B18BAB16}.Release|Any CPU.Build.0 = Release|Any CPU
	EndGlobalSection
	GlobalSection(SolutionProperties) = preSolution
		HideSolutionNode = FALSE
	EndGlobalSection
	GlobalSection(ExtensibilityGlobals) = postSolution
		SolutionGuid = {D47266E2-A69A-4CC9-8891-B8B305DB078F}
	EndGlobalSection
EndGlobal
